{
  "name": "@bsull/augurs-prophet-wasmstan",
  "version": "0.2.0",
  "lockfileVersion": 3,
  "requires": true,
  "packages": {
    "": {
      "name": "@bsull/augurs-prophet-wasmstan",
      "version": "0.2.0",
      "license": "(MIT OR Apache-2.0)",
      "dependencies": {
        "@bytecodealliance/preview2-shim": "^0.21.0"
      },
      "devDependencies": {
        "vitest": "5.0.0"
      }
    },
    "node_modules/@bytecodealliance/preview2-shim": {
      "version": "0.21.0",
      "resolved": "https://registry.npmjs.org/@bytecodealliance/preview2-shim/-/preview2-shim-0.21.0.tgz",
      "integrity": "sha512-rl1NnsvBlL6Q912BUkYotiZ6L/LE8SJUnvJOuElp/kjULHnAaz8Zn4qeBiiiRmQcoZGYXXrW5dhEbPeYtcxXXQ==",
      "license": "(Apache-2.0 WITH LLVM-exception)"
    },
    "node_modules/@emnapi/core": {
      "version": "1.9.2",
      "resolved": "https://registry.npmjs.org/@emnapi/core/-/core-1.9.2.tgz",
      "integrity": "sha512-UC+ZhH3XtczQYfOlu3lNEkdW/p4dsJ1r/bP7H8+rhao3TTTMO1ATq/4DdIi23XuGoFY+Cz0JmCbdVl0hz9jZcA==",
      "dev": true,
      "license": "MIT",
      "optional": true,
      "peer": true,
      "dependencies": {
        "@emnapi/wasi-threads": "1.2.1",
        "tslib": "^2.4.0"
      }
    },
    "node_modules/@emnapi/runtime": {
      "version": "1.9.2",
      "resolved": "https://registry.npmjs.org/@emnapi/runtime/-/runtime-1.9.2.tgz",
      "integrity": "sha512-3U4+MIWHImeyu1wnmVygh5WlgfYDtyf0k8AbLhMFxOipihf6nrWC4syIm/SwEeec0mNSafiiNnMJwbza/Is6Lw==",
      "dev": true,
      "license": "MIT",
      "optional": true,
      "peer": true,
      "dependencies": {
        "tslib": "^2.4.0"
      }
    },
    "node_modules/@emnapi/wasi-threads": {
      "version": "1.2.1",
      "resolved": "https://registry.npmjs.org/@emnapi/wasi-threads/-/wasi-threads-1.2.1.tgz",
      "integrity": "sha512-uTII7OYF+/Mes/MrcIOYp5yOtSMLBWSIoLPpcgwipoiKbli6k322tcoFsxoIIxPDqW01SQGAgko4EzZi2BNv2w==",
      "dev": true,
      "license": "MIT",
      "optional": true,
      "peer": true,
      "dependencies": {
        "tslib": "^2.4.0"
      }
    },
    "node_modules/@jridgewell/resolve-uri": {
      "version": "3.1.2",
      "resolved": "https://registry.npmjs.org/@jridgewell/resolve-uri/-/resolve-uri-3.1.2.tgz",
      "integrity": "sha512-bRISgCIjP20/tbWSPWMEi54QVPRZExkuD9lJL+UIxUKtwVJA8wW1Trb1jMs1RFXo1CBTNZ/5hpC9QvmKWdopKw==",
      "dev": true,
      "license": "MIT",
      "engines": {
        "node": ">=6.0.0"
      }
    },
    "node_modules/@jridgewell/sourcemap-codec": {
      "version": "1.5.5",
      "resolved": "https://registry.npmjs.org/@jridgewell/sourcemap-codec/-/sourcemap-codec-1.5.5.tgz",
      "integrity": "sha512-cYQ9310grqxueWbl+WuIUIaiUaDcj7WOq5fVhEljNVgRfOUhY9fy2zTvfoqWsnebh8Sl70VScFbICvJnLKB0Og==",
      "dev": true,
      "license": "MIT"
    },
    "node_modules/@jridgewell/trace-mapping": {
      "version": "0.3.31",
      "resolved": "https://registry.npmjs.org/@jridgewell/trace-mapping/-/trace-mapping-0.3.31.tgz",
      "integrity": "sha512-zzNR+SdQSDJzc8joaeP8QQoCQr8NuYx2dIIytl1QeBEZHJ9uW6hebsrYgbz8hJwUQao3TWCMtmfV8Nu1twOLAw==",
      "dev": true,
      "license": "MIT",
      "dependencies": {
        "@jridgewell/resolve-uri": "^3.1.0",
        "@jridgewell/sourcemap-codec": "^1.4.14"
      }
    },
    "node_modules/@napi-rs/wasm-runtime": {
      "version": "1.1.2",
      "resolved": "https://registry.npmjs.org/@napi-rs/wasm-runtime/-/wasm-runtime-1.1.2.tgz",
      "integrity": "sha512-sNXv5oLJ7ob93xkZ1XnxisYhGYXfaG9f65/ZgYuAu3qt7b3NadcOEhLvx28hv31PgX8SZJRYrAIPQilQmFpLVw==",
      "dev": true,
      "license": "MIT",
      "optional": true,
      "peer": true,
      "dependencies": {
        "@tybys/wasm-util": "^0.10.1"
      },
      "funding": {
        "type": "github",
        "url": "https://github.com/sponsors/Brooooooklyn"
      },
      "peerDependencies": {
        "@emnapi/core": "^1.7.1",
        "@emnapi/runtime": "^1.7.1"
      }
    },
    "node_modules/@oxc-project/types": {
      "version": "0.122.0",
      "resolved": "https://registry.npmjs.org/@oxc-project/types/-/types-0.122.0.tgz",
      "integrity": "sha512-oLAl5kBpV4w69UtFZ9xqcmTi+GENWOcPF7FCrczTiBbmC0ibXxCwyvZGbO39rCVEuLGAZM84DH0pUIyyv/YJzA==",
      "dev": true,
      "license": "MIT",
      "peer": true,
      "funding": {
        "url": "https://github.com/sponsors/Boshen"
      }
    },
    "node_modules/@rolldown/binding-android-arm64": {
      "version": "1.0.0-rc.12",
      "resolved": "https://registry.npmjs.org/@rolldown/binding-android-arm64/-/binding-android-arm64-1.0.0-rc.12.tgz",
      "integrity": "sha512-pv1y2Fv0JybcykuiiD3qBOBdz6RteYojRFY1d+b95WVuzx211CRh+ytI/+9iVyWQ6koTh5dawe4S/yRfOFjgaA==",
      "cpu": [
        "arm64"
      ],
      "dev": true,
      "license": "MIT",
      "optional": true,
      "os": [
        "android"
      ],
      "peer": true,
      "engines": {
        "node": "^20.19.0 || >=22.12.0"
      }
    },
    "node_modules/@rolldown/binding-darwin-arm64": {
      "version": "1.0.0-rc.12",
      "resolved": "https://registry.npmjs.org/@rolldown/binding-darwin-arm64/-/binding-darwin-arm64-1.0.0-rc.12.tgz",
      "integrity": "sha512-cFYr6zTG/3PXXF3pUO+umXxt1wkRK/0AYT8lDwuqvRC+LuKYWSAQAQZjCWDQpAH172ZV6ieYrNnFzVVcnSflAg==",
      "cpu": [
        "arm64"
      ],
      "dev": true,
      "license": "MIT",
      "optional": true,
      "os": [
        "darwin"
      ],
      "peer": true,
      "engines": {
        "node": "^20.19.0 || >=22.12.0"
      }
    },
    "node_modules/@rolldown/binding-darwin-x64": {
      "version": "1.0.0-rc.12",
      "resolved": "https://registry.npmjs.org/@rolldown/binding-darwin-x64/-/binding-darwin-x64-1.0.0-rc.12.tgz",
      "integrity": "sha512-ZCsYknnHzeXYps0lGBz8JrF37GpE9bFVefrlmDrAQhOEi4IOIlcoU1+FwHEtyXGx2VkYAvhu7dyBf75EJQffBw==",
      "cpu": [
        "x64"
      ],
      "dev": true,
      "license": "MIT",
      "optional": true,
      "os": [
        "darwin"
      ],
      "peer": true,
      "engines": {
        "node": "^20.19.0 || >=22.12.0"
      }
    },
    "node_modules/@rolldown/binding-freebsd-x64": {
      "version": "1.0.0-rc.12",
      "resolved": "https://registry.npmjs.org/@rolldown/binding-freebsd-x64/-/binding-freebsd-x64-1.0.0-rc.12.tgz",
      "integrity": "sha512-dMLeprcVsyJsKolRXyoTH3NL6qtsT0Y2xeuEA8WQJquWFXkEC4bcu1rLZZSnZRMtAqwtrF/Ib9Ddtpa/Gkge9Q==",
      "cpu": [
        "x64"
      ],
      "dev": true,
      "license": "MIT",
      "optional": true,
      "os": [
        "freebsd"
      ],
      "peer": true,
      "engines": {
        "node": "^20.19.0 || >=22.12.0"
      }
    },
    "node_modules/@rolldown/binding-linux-arm-gnueabihf": {
      "version": "1.0.0-rc.12",
      "resolved": "https://registry.npmjs.org/@rolldown/binding-linux-arm-gnueabihf/-/binding-linux-arm-gnueabihf-1.0.0-rc.12.tgz",
      "integrity": "sha512-YqWjAgGC/9M1lz3GR1r1rP79nMgo3mQiiA+Hfo+pvKFK1fAJ1bCi0ZQVh8noOqNacuY1qIcfyVfP6HoyBRZ85Q==",
      "cpu": [
        "arm"
      ],
      "dev": true,
      "license": "MIT",
      "optional": true,
      "os": [
        "linux"
      ],
      "peer": true,
      "engines": {
        "node": "^20.19.0 || >=22.12.0"
      }
    },
    "node_modules/@rolldown/binding-linux-arm64-gnu": {
      "version": "1.0.0-rc.12",
      "resolved": "https://registry.npmjs.org/@rolldown/binding-linux-arm64-gnu/-/binding-linux-arm64-gnu-1.0.0-rc.12.tgz",
      "integrity": "sha512-/I5AS4cIroLpslsmzXfwbe5OmWvSsrFuEw3mwvbQ1kDxJ822hFHIx+vsN/TAzNVyepI/j/GSzrtCIwQPeKCLIg==",
      "cpu": [
        "arm64"
      ],
      "dev": true,
      "license": "MIT",
      "optional": true,
      "os": [
        "linux"
      ],
      "peer": true,
      "engines": {
        "node": "^20.19.0 || >=22.12.0"
      }
    },
    "node_modules/@rolldown/binding-linux-arm64-musl": {
      "version": "1.0.0-rc.12",
      "resolved": "https://registry.npmjs.org/@rolldown/binding-linux-arm64-musl/-/binding-linux-arm64-musl-1.0.0-rc.12.tgz",
      "integrity": "sha512-V6/wZztnBqlx5hJQqNWwFdxIKN0m38p8Jas+VoSfgH54HSj9tKTt1dZvG6JRHcjh6D7TvrJPWFGaY9UBVOaWPw==",
      "cpu": [
        "arm64"
      ],
      "dev": true,
      "license": "MIT",
      "optional": true,
      "os": [
        "linux"
      ],
      "peer": true,
      "engines": {
        "node": "^20.19.0 || >=22.12.0"
      }
    },
    "node_modules/@rolldown/binding-linux-ppc64-gnu": {
      "version": "1.0.0-rc.12",
      "resolved": "https://registry.npmjs.org/@rolldown/binding-linux-ppc64-gnu/-/binding-linux-ppc64-gnu-1.0.0-rc.12.tgz",
      "integrity": "sha512-AP3E9BpcUYliZCxa3w5Kwj9OtEVDYK6sVoUzy4vTOJsjPOgdaJZKFmN4oOlX0Wp0RPV2ETfmIra9x1xuayFB7g==",
      "cpu": [
        "ppc64"
      ],
      "dev": true,
      "license": "MIT",
      "optional": true,
      "os": [
        "linux"
      ],
      "peer": true,
      "engines": {
        "node": "^20.19.0 || >=22.12.0"
      }
    },
    "node_modules/@rolldown/binding-linux-s390x-gnu": {
      "version": "1.0.0-rc.12",
      "resolved": "https://registry.npmjs.org/@rolldown/binding-linux-s390x-gnu/-/binding-linux-s390x-gnu-1.0.0-rc.12.tgz",
      "integrity": "sha512-nWwpvUSPkoFmZo0kQazZYOrT7J5DGOJ/+QHHzjvNlooDZED8oH82Yg67HvehPPLAg5fUff7TfWFHQS8IV1n3og==",
      "cpu": [
        "s390x"
      ],
      "dev": true,
      "license": "MIT",
      "optional": true,
      "os": [
        "linux"
      ],
      "peer": true,
      "engines": {
        "node": "^20.19.0 || >=22.12.0"
      }
    },
    "node_modules/@rolldown/binding-linux-x64-gnu": {
      "version": "1.0.0-rc.12",
      "resolved": "https://registry.npmjs.org/@rolldown/binding-linux-x64-gnu/-/binding-linux-x64-gnu-1.0.0-rc.12.tgz",
      "integrity": "sha512-RNrafz5bcwRy+O9e6P8Z/OCAJW/A+qtBczIqVYwTs14pf4iV1/+eKEjdOUta93q2TsT/FI0XYDP3TCky38LMAg==",
      "cpu": [
        "x64"
      ],
      "dev": true,
      "license": "MIT",
      "optional": true,
      "os": [
        "linux"
      ],
      "peer": true,
      "engines": {
        "node": "^20.19.0 || >=22.12.0"
      }
    },
    "node_modules/@rolldown/binding-linux-x64-musl": {
      "version": "1.0.0-rc.12",
      "resolved": "https://registry.npmjs.org/@rolldown/binding-linux-x64-musl/-/binding-linux-x64-musl-1.0.0-rc.12.tgz",
      "integrity": "sha512-Jpw/0iwoKWx3LJ2rc1yjFrj+T7iHZn2JDg1Yny1ma0luviFS4mhAIcd1LFNxK3EYu3DHWCps0ydXQ5i/rrJ2ig==",
      "cpu": [
        "x64"
      ],
      "dev": true,
      "license": "MIT",
      "optional": true,
      "os": [
        "linux"
      ],
      "peer": true,
      "engines": {
        "node": "^20.19.0 || >=22.12.0"
      }
    },
    "node_modules/@rolldown/binding-openharmony-arm64": {
      "version": "1.0.0-rc.12",
      "resolved": "https://registry.npmjs.org/@rolldown/binding-openharmony-arm64/-/binding-openharmony-arm64-1.0.0-rc.12.tgz",
      "integrity": "sha512-vRugONE4yMfVn0+7lUKdKvN4D5YusEiPilaoO2sgUWpCvrncvWgPMzK00ZFFJuiPgLwgFNP5eSiUlv2tfc+lpA==",
      "cpu": [
        "arm64"
      ],
      "dev": true,
      "license": "MIT",
      "optional": true,
      "os": [
        "openharmony"
      ],
      "peer": true,
      "engines": {
        "node": "^20.19.0 || >=22.12.0"
      }
    },
    "node_modules/@rolldown/binding-wasm32-wasi": {
      "version": "1.0.0-rc.12",
      "resolved": "https://registry.npmjs.org/@rolldown/binding-wasm32-wasi/-/binding-wasm32-wasi-1.0.0-rc.12.tgz",
      "integrity": "sha512-ykGiLr/6kkiHc0XnBfmFJuCjr5ZYKKofkx+chJWDjitX+KsJuAmrzWhwyOMSHzPhzOHOy7u9HlFoa5MoAOJ/Zg==",
      "cpu": [
        "wasm32"
      ],
      "dev": true,
      "license": "MIT",
      "optional": true,
      "peer": true,
      "dependencies": {
        "@napi-rs/wasm-runtime": "^1.1.1"
      },
      "engines": {
        "node": ">=14.0.0"
      }
    },
    "node_modules/@rolldown/binding-win32-arm64-msvc": {
      "version": "1.0.0-rc.12",
      "resolved": "https://registry.npmjs.org/@rolldown/binding-win32-arm64-msvc/-/binding-win32-arm64-msvc-1.0.0-rc.12.tgz",
      "integrity": "sha512-5eOND4duWkwx1AzCxadcOrNeighiLwMInEADT0YM7xeEOOFcovWZCq8dadXgcRHSf3Ulh1kFo/qvzoFiCLOL1Q==",
      "cpu": [
        "arm64"
      ],
      "dev": true,
      "license": "MIT",
      "optional": true,
      "os": [
        "win32"
      ],
      "peer": true,
      "engines": {
        "node": "^20.19.0 || >=22.12.0"
      }
    },
    "node_modules/@rolldown/binding-win32-x64-msvc": {
      "version": "1.0.0-rc.12",
      "resolved": "https://registry.npmjs.org/@rolldown/binding-win32-x64-msvc/-/binding-win32-x64-msvc-1.0.0-rc.12.tgz",
      "integrity": "sha512-PyqoipaswDLAZtot351MLhrlrh6lcZPo2LSYE+VDxbVk24LVKAGOuE4hb8xZQmrPAuEtTZW8E6D2zc5EUZX4Lw==",
      "cpu": [
        "x64"
      ],
      "dev": true,
      "license": "MIT",
      "optional": true,
      "os": [
        "win32"
      ],
      "peer": true,
      "engines": {
        "node": "^20.19.0 || >=22.12.0"
      }
    },
    "node_modules/@rolldown/pluginutils": {
      "version": "1.0.0-rc.12",
      "resolved": "https://registry.npmjs.org/@rolldown/pluginutils/-/pluginutils-1.0.0-rc.12.tgz",
      "integrity": "sha512-HHMwmarRKvoFsJorqYlFeFRzXZqCt2ETQlEDOb9aqssrnVBB1/+xgTGtuTrIk5vzLNX1MjMtTf7W9z3tsSbrxw==",
      "dev": true,
      "license": "MIT",
      "peer": true
    },
    "node_modules/@tybys/wasm-util": {
      "version": "0.10.1",
      "resolved": "https://registry.npmjs.org/@tybys/wasm-util/-/wasm-util-0.10.1.tgz",
      "integrity": "sha512-9tTaPJLSiejZKx+Bmog4uSubteqTvFrVrURwkmHixBo0G4seD0zUxp98E1DzUBJxLQ3NPwXrGKDiVjwx/DpPsg==",
      "dev": true,
      "license": "MIT",
      "optional": true,
      "peer": true,
      "dependencies": {
        "tslib": "^2.4.0"
      }
    },
    "node_modules/@types/chai": {
      "version": "5.2.2",
      "resolved": "https://registry.npmjs.org/@types/chai/-/chai-5.2.2.tgz",
      "integrity": "sha512-8kB30R7Hwqf40JPiKhVzodJs2Qc1ZJ5zuT3uzw5Hq/dhNCl3G3l83jfpdI1e20BP348+fV7VIL/+FxaXkqBmWg==",
      "dev": true,
      "license": "MIT",
      "dependencies": {
        "@types/deep-eql": "*"
      }
    },
    "node_modules/@types/deep-eql": {
      "version": "4.0.2",
      "resolved": "https://registry.npmjs.org/@types/deep-eql/-/deep-eql-4.0.2.tgz",
      "integrity": "sha512-c9h9dVVMigMPc4bwTvC5dxqtqJZwQPePsWjPlpSOnojbor6pGqdk541lfA7AqFQr5pB1BRdq0juY9db81BwyFw==",
      "dev": true,
      "license": "MIT"
    },
    "node_modules/@types/estree": {
      "version": "1.0.8",
      "resolved": "https://registry.npmjs.org/@types/estree/-/estree-1.0.8.tgz",
      "integrity": "sha512-dWHzHa2WqEXI/O1E9OjrocMTKJl2mSrEolh1Iomrv6U+JuNwaHXsXx9bLu5gG7BUWFIN0skIQJQ/L1rIex4X6w==",
      "dev": true,
      "license": "MIT"
    },
    "node_modules/@vitest/mocker": {
      "version": "5.0.0",
      "resolved": "https://registry.npmjs.org/@vitest/mocker/-/mocker-5.0.0.tgz",
      "integrity": "sha512-66PGTMIiVJP3t4a5yxU9qPtf7MdTBs8jmToMvy+HVflB3Yy13WJZTtPePdvU+wjRV02SKK5doLbSA6o9pwOmiA==",
      "dev": true,
      "license": "MIT",
      "dependencies": {
        "@jridgewell/trace-mapping": "0.3.31",
        "@vitest/spy": "5.0.0",
        "estree-walker": "^3.0.3",
        "magic-string": "^1.2.3"
      },
      "funding": {
        "url": "https://opencollective.com/vitest"
      },
      "peerDependencies": {
        "msw": "^2.4.9",
        "vite": "^6.0.0 || ^7.0.0 || ^8.0.0"
      },
      "peerDependenciesMeta": {
        "msw": {
          "optional": true
        },
        "vite": {
          "optional": true
        }
      }
    },
    "node_modules/@vitest/mocker/node_modules/@vitest/spy": {
      "version": "5.0.0",
      "resolved": "https://registry.npmjs.org/@vitest/spy/-/spy-5.0.0.tgz",
      "integrity": "sha512-uy+luWBAPw9XfthoHi5AkfHUnuPYEESjl0p/r+meoBnU8bxg5GDQ3Ey8MjcJ6sqahkL4PFyrvfMJJBw7LbU06g==",
      "dev": true,
      "license": "MIT",
      "funding": {
        "url": "https://opencollective.com/vitest"
      }
    },
    "node_modules/@vitest/mocker/node_modules/magic-string": {
      "version": "1.2.3",
      "resolved": "https://registry.npmjs.org/magic-string/-/magic-string-1.2.3.tgz",
      "integrity": "sha512-Bpb0W2TbLKOZ7vJnOUnVRGq3WL2p+ISV29M6hYPL1AFCpyKZpdr5ytiXoTSSxRVhg8YW7f65+6gbG8WG6PCa/g==",
      "dev": true,
      "license": "MIT",
      "dependencies": {
        "@jridgewell/sourcemap-codec": "^1.5.5"
      }
    },
    "node_modules/chai": {
      "version": "6.2.2",
      "resolved": "https://registry.npmjs.org/chai/-/chai-6.2.2.tgz",
      "integrity": "sha512-NUPRluOfOiTKBKvWPtSD4PhFvWCqOi0BGStNWs57X9js7XGTprSmFoz5F0tWhR4WPjNeR9jXqdC7/UpSJTnlRg==",
      "dev": true,
      "license": "MIT",
      "engines": {
        "node": ">=18"
      }
    },
    "node_modules/detect-libc": {
      "version": "2.1.2",
      "resolved": "https://registry.npmjs.org/detect-libc/-/detect-libc-2.1.2.tgz",
      "integrity": "sha512-Btj2BOOO83o3WyH59e8MgXsxEQVcarkUOpEYrubB0urwnN10yQ364rsiByU11nZlqWYZm05i/of7io4mzihBtQ==",
      "dev": true,
      "license": "Apache-2.0",
      "peer": true,
      "engines": {
        "node": ">=8"
      }
    },
    "node_modules/es-module-lexer": {
      "version": "2.3.2",
      "resolved": "https://registry.npmjs.org/es-module-lexer/-/es-module-lexer-2.3.2.tgz",
      "integrity": "sha512-poHGpORABojJJucnV9KbOavETW8lBVnphkW77ER5/BQ5Fz7oXSoCNek7IH3vR5nRjdsEz926ibFYX8KtLQmdyw==",
      "dev": true,
      "license": "MIT"
    },
    "node_modules/estree-walker": {
      "version": "3.0.3",
      "resolved": "https://registry.npmjs.org/estree-walker/-/estree-walker-3.0.3.tgz",
      "integrity": "sha512-7RUKfXgSMMkzt6ZuXmqapOurLGPPfgj6l9uRZ7lRGolvk0y2yocc35LdcxKC5PQZdn2DMqioAQ2NoWcrTKmm6g==",
      "dev": true,
      "license": "MIT",
      "dependencies": {
        "@types/estree": "^1.0.0"
      }
    },
    "node_modules/expect-type": {
      "version": "1.4.0",
      "resolved": "https://registry.npmjs.org/expect-type/-/expect-type-1.4.0.tgz",
      "integrity": "sha512-KfYbmpRm0VbLjEvVa9yGwCi9GI34xvi7A/HXYWQO65CSD2u3MczUJSuwXKFIxlGsgBQizV9q5J9NHj4VG0n+pA==",
      "dev": true,
      "license": "Apache-2.0",
      "engines": {
        "node": ">=12.0.0"
      }
    },
    "node_modules/fdir": {
      "version": "6.5.0",
      "resolved": "https://registry.npmjs.org/fdir/-/fdir-6.5.0.tgz",
      "integrity": "sha512-tIbYtZbucOs0BRGqPJkshJUYdL+SDH7dVM8gjy+ERp3WAUjLEFJE+02kanyHtwjWOnwrKYBiwAmM0p4kLJAnXg==",
      "dev": true,
      "license": "MIT",
      "engines": {
        "node": ">=12.0.0"
      },
      "peerDependencies": {
        "picomatch": "^3 || ^4"
      },
      "peerDependenciesMeta": {
        "picomatch": {
          "optional": true
        }
      }
    },
    "node_modules/fsevents": {
      "version": "2.3.3",
      "resolved": "https://registry.npmjs.org/fsevents/-/fsevents-2.3.3.tgz",
      "integrity": "sha512-5xoDfX+fL7faATnagmWPpbFtwh/R77WmMMqqHGS65C3vvB0YHrgF+B1YmZ3441tMj5n63k0212XNoJwzlhffQw==",
      "dev": true,
      "hasInstallScript": true,
      "license": "MIT",
      "optional": true,
      "os": [
        "darwin"
      ],
      "peer": true,
      "engines": {
        "node": "^8.16.0 || ^10.6.0 || >=11.0.0"
      }
    },
    "node_modules/lightningcss": {
      "version": "1.32.0",
      "resolved": "https://registry.npmjs.org/lightningcss/-/lightningcss-1.32.0.tgz",
      "integrity": "sha512-NXYBzinNrblfraPGyrbPoD19C1h9lfI/1mzgWYvXUTe414Gz/X1FD2XBZSZM7rRTrMA8JL3OtAaGifrIKhQ5yQ==",
      "dev": true,
      "license": "MPL-2.0",
      "peer": true,
      "dependencies": {
        "detect-libc": "^2.0.3"
      },
      "engines": {
        "node": ">= 12.0.0"
      },
      "funding": {
        "type": "opencollective",
        "url": "https://opencollective.com/parcel"
      },
      "optionalDependencies": {
        "lightningcss-android-arm64": "1.32.0",
        "lightningcss-darwin-arm64": "1.32.0",
        "lightningcss-darwin-x64": "1.32.0",
        "lightningcss-freebsd-x64": "1.32.0",
        "lightningcss-linux-arm-gnueabihf": "1.32.0",
        "lightningcss-linux-arm64-gnu": "1.32.0",
        "lightningcss-linux-arm64-musl": "1.32.0",
        "lightningcss-linux-x64-gnu": "1.32.0",
        "lightningcss-linux-x64-musl": "1.32.0",
        "lightningcss-win32-arm64-msvc": "1.32.0",
        "lightningcss-win32-x64-msvc": "1.32.0"
      }
    },
    "node_modules/lightningcss-android-arm64": {
      "version": "1.32.0",
      "resolved": "https://registry.npmjs.org/lightningcss-android-arm64/-/lightningcss-android-arm64-1.32.0.tgz",
      "integrity": "sha512-YK7/ClTt4kAK0vo6w3X+Pnm0D2cf2vPHbhOXdoNti1Ga0al1P4TBZhwjATvjNwLEBCnKvjJc2jQgHXH0NEwlAg==",
      "cpu": [
        "arm64"
      ],
      "dev": true,
      "license": "MPL-2.0",
      "optional": true,
      "os": [
        "android"
      ],
      "peer": true,
      "engines": {
        "node": ">= 12.0.0"
      },
      "funding": {
        "type": "opencollective",
        "url": "https://opencollective.com/parcel"
      }
    },
    "node_modules/lightningcss-darwin-arm64": {
      "version": "1.32.0",
      "resolved": "https://registry.npmjs.org/lightningcss-darwin-arm64/-/lightningcss-darwin-arm64-1.32.0.tgz",
      "integrity": "sha512-RzeG9Ju5bag2Bv1/lwlVJvBE3q6TtXskdZLLCyfg5pt+HLz9BqlICO7LZM7VHNTTn/5PRhHFBSjk5lc4cmscPQ==",
      "cpu": [
        "arm64"
      ],
      "dev": true,
      "license": "MPL-2.0",
      "optional": true,
      "os": [
        "darwin"
      ],
      "peer": true,
      "engines": {
        "node": ">= 12.0.0"
      },
      "funding": {
        "type": "opencollective",
        "url": "https://opencollective.com/parcel"
      }
    },
    "node_modules/lightningcss-darwin-x64": {
      "version": "1.32.0",
      "resolved": "https://registry.npmjs.org/lightningcss-darwin-x64/-/lightningcss-darwin-x64-1.32.0.tgz",
      "integrity": "sha512-U+QsBp2m/s2wqpUYT/6wnlagdZbtZdndSmut/NJqlCcMLTWp5muCrID+K5UJ6jqD2BFshejCYXniPDbNh73V8w==",
      "cpu": [
        "x64"
      ],
      "dev": true,
      "license": "MPL-2.0",
      "optional": true,
      "os": [
        "darwin"
      ],
      "peer": true,
      "engines": {
        "node": ">= 12.0.0"
      },
      "funding": {
        "type": "opencollective",
        "url": "https://opencollective.com/parcel"
      }
    },
    "node_modules/lightningcss-freebsd-x64": {
      "version": "1.32.0",
      "resolved": "https://registry.npmjs.org/lightningcss-freebsd-x64/-/lightningcss-freebsd-x64-1.32.0.tgz",
      "integrity": "sha512-JCTigedEksZk3tHTTthnMdVfGf61Fky8Ji2E4YjUTEQX14xiy/lTzXnu1vwiZe3bYe0q+SpsSH/CTeDXK6WHig==",
      "cpu": [
        "x64"
      ],
      "dev": true,
      "license": "MPL-2.0",
      "optional": true,
      "os": [
        "freebsd"
      ],
      "peer": true,
      "engines": {
        "node": ">= 12.0.0"
      },
      "funding": {
        "type": "opencollective",
        "url": "https://opencollective.com/parcel"
      }
    },
    "node_modules/lightningcss-linux-arm-gnueabihf": {
      "version": "1.32.0",
      "resolved": "https://registry.npmjs.org/lightningcss-linux-arm-gnueabihf/-/lightningcss-linux-arm-gnueabihf-1.32.0.tgz",
      "integrity": "sha512-x6rnnpRa2GL0zQOkt6rts3YDPzduLpWvwAF6EMhXFVZXD4tPrBkEFqzGowzCsIWsPjqSK+tyNEODUBXeeVHSkw==",
      "cpu": [
        "arm"
      ],
      "dev": true,
      "license": "MPL-2.0",
      "optional": true,
      "os": [
        "linux"
      ],
      "peer": true,
      "engines": {
        "node": ">= 12.0.0"
      },
      "funding": {
        "type": "opencollective",
        "url": "https://opencollective.com/parcel"
      }
    },
    "node_modules/lightningcss-linux-arm64-gnu": {
      "version": "1.32.0",
      "resolved": "https://registry.npmjs.org/lightningcss-linux-arm64-gnu/-/lightningcss-linux-arm64-gnu-1.32.0.tgz",
      "integrity": "sha512-0nnMyoyOLRJXfbMOilaSRcLH3Jw5z9HDNGfT/gwCPgaDjnx0i8w7vBzFLFR1f6CMLKF8gVbebmkUN3fa/kQJpQ==",
      "cpu": [
        "arm64"
      ],
      "dev": true,
      "license": "MPL-2.0",
      "optional": true,
      "os": [
        "linux"
      ],
      "peer": true,
      "engines": {
        "node": ">= 12.0.0"
      },
      "funding": {
        "type": "opencollective",
        "url": "https://opencollective.com/parcel"
      }
    },
    "node_modules/lightningcss-linux-arm64-musl": {
      "version": "1.32.0",
      "resolved": "https://registry.npmjs.org/lightningcss-linux-arm64-musl/-/lightningcss-linux-arm64-musl-1.32.0.tgz",
      "integrity": "sha512-UpQkoenr4UJEzgVIYpI80lDFvRmPVg6oqboNHfoH4CQIfNA+HOrZ7Mo7KZP02dC6LjghPQJeBsvXhJod/wnIBg==",
      "cpu": [
        "arm64"
      ],
      "dev": true,
      "license": "MPL-2.0",
      "optional": true,
      "os": [
        "linux"
      ],
      "peer": true,
      "engines": {
        "node": ">= 12.0.0"
      },
      "funding": {
        "type": "opencollective",
        "url": "https://opencollective.com/parcel"
      }
    },
    "node_modules/lightningcss-linux-x64-gnu": {
      "version": "1.32.0",
      "resolved": "https://registry.npmjs.org/lightningcss-linux-x64-gnu/-/lightningcss-linux-x64-gnu-1.32.0.tgz",
      "integrity": "sha512-V7Qr52IhZmdKPVr+Vtw8o+WLsQJYCTd8loIfpDaMRWGUZfBOYEJeyJIkqGIDMZPwPx24pUMfwSxxI8phr/MbOA==",
      "cpu": [
        "x64"
      ],
      "dev": true,
      "license": "MPL-2.0",
      "optional": true,
      "os": [
        "linux"
      ],
      "peer": true,
      "engines": {
        "node": ">= 12.0.0"
      },
      "funding": {
        "type": "opencollective",
        "url": "https://opencollective.com/parcel"
      }
    },
    "node_modules/lightningcss-linux-x64-musl": {
      "version": "1.32.0",
      "resolved": "https://registry.npmjs.org/lightningcss-linux-x64-musl/-/lightningcss-linux-x64-musl-1.32.0.tgz",
      "integrity": "sha512-bYcLp+Vb0awsiXg/80uCRezCYHNg1/l3mt0gzHnWV9XP1W5sKa5/TCdGWaR/zBM2PeF/HbsQv/j2URNOiVuxWg==",
      "cpu": [
        "x64"
      ],
      "dev": true,
      "license": "MPL-2.0",
      "optional": true,
      "os": [
        "linux"
      ],
      "peer": true,
      "engines": {
        "node": ">= 12.0.0"
      },
      "funding": {
        "type": "opencollective",
        "url": "https://opencollective.com/parcel"
      }
    },
    "node_modules/lightningcss-win32-arm64-msvc": {
      "version": "1.32.0",
      "resolved": "https://registry.npmjs.org/lightningcss-win32-arm64-msvc/-/lightningcss-win32-arm64-msvc-1.32.0.tgz",
      "integrity": "sha512-8SbC8BR40pS6baCM8sbtYDSwEVQd4JlFTOlaD3gWGHfThTcABnNDBda6eTZeqbofalIJhFx0qKzgHJmcPTnGdw==",
      "cpu": [
        "arm64"
      ],
      "dev": true,
      "license": "MPL-2.0",
      "optional": true,
      "os": [
        "win32"
      ],
      "peer": true,
      "engines": {
        "node": ">= 12.0.0"
      },
      "funding": {
        "type": "opencollective",
        "url": "https://opencollective.com/parcel"
      }
    },
    "node_modules/lightningcss-win32-x64-msvc": {
      "version": "1.32.0",
      "resolved": "https://registry.npmjs.org/lightningcss-win32-x64-msvc/-/lightningcss-win32-x64-msvc-1.32.0.tgz",
      "integrity": "sha512-Amq9B/SoZYdDi1kFrojnoqPLxYhQ4Wo5XiL8EVJrVsB8ARoC1PWW6VGtT0WKCemjy8aC+louJnjS7U18x3b06Q==",
      "cpu": [
        "x64"
      ],
      "dev": true,
      "license": "MPL-2.0",
      "optional": true,
      "os": [
        "win32"
      ],
      "peer": true,
      "engines": {
        "node": ">= 12.0.0"
      },
      "funding": {
        "type": "opencollective",
        "url": "https://opencollective.com/parcel"
      }
    },
    "node_modules/nanoid": {
      "version": "3.3.11",
      "resolved": "https://registry.npmjs.org/nanoid/-/nanoid-3.3.11.tgz",
      "integrity": "sha512-N8SpfPUnUp1bK+PMYW8qSWdl9U+wwNWI4QKxOYDy9JAro3WMX7p2OeVRF9v+347pnakNevPmiHhNmZ2HbFA76w==",
      "dev": true,
      "funding": [
        {
          "type": "github",
          "url": "https://github.com/sponsors/ai"
        }
      ],
      "license": "MIT",
      "peer": true,
      "bin": {
        "nanoid": "bin/nanoid.cjs"
      },
      "engines": {
        "node": "^10 || ^12 || ^13.7 || ^14 || >=15.0.1"
      }
    },
    "node_modules/obug": {
      "version": "2.1.4",
      "resolved": "https://registry.npmjs.org/obug/-/obug-2.1.4.tgz",
      "integrity": "sha512-4a+OsYv9UktOJKE+l1A4OufDgdRF9PifWj+tJnHURo/P+WOxpG4GzUFL9qCalmWauao6ogiG+QvnCovwPoyAWA==",
      "dev": true,
      "funding": [
        "https://github.com/sponsors/sxzz",
        "https://opencollective.com/debug"
      ],
      "license": "MIT",
      "engines": {
        "node": ">=12.20.0"
      }
    },
    "node_modules/picocolors": {
      "version": "1.1.1",
      "resolved": "https://registry.npmjs.org/picocolors/-/picocolors-1.1.1.tgz",
      "integrity": "sha512-xceH2snhtb5M9liqDsmEw56le376mTZkEX/jEb/RxNFyegNul7eNslCXP9FDj/Lcu0X8KEyMceP2ntpaHrDEVA==",
      "dev": true,
      "license": "ISC",
      "peer": true
    },
    "node_modules/picomatch": {
      "version": "4.0.7",
      "resolved": "https://registry.npmjs.org/picomatch/-/picomatch-4.0.7.tgz",
      "integrity": "sha512-qcJu88Q2IWqJsDD529JKMdwGm/dvInW4HvQnRwiH9JtihJvzGOscDtHE3x1pBKeUOTysQ8kVmLnJ2kJu7yhcGA==",
      "dev": true,
      "license": "MIT",
      "engines": {
        "node": ">=12"
      },
      "funding": {
        "url": "https://github.com/sponsors/jonschlinkert"
      }
    },
    "node_modules/postcss": {
      "version": "8.5.12",
      "resolved": "https://registry.npmjs.org/postcss/-/postcss-8.5.12.tgz",
      "integrity": "sha512-W62t/Se6rA0Az3DfCL0AqJwXuKwBeYg6nOaIgzP+xZ7N5BFCI7DYi1qs6ygUYT6rvfi6t9k65UMLJC+PHZpDAA==",
      "dev": true,
      "funding": [
        {
          "type": "opencollective",
          "url": "https://opencollective.com/postcss/"
        },
        {
          "type": "tidelift",
          "url": "https://tidelift.com/funding/github/npm/postcss"
        },
        {
          "type": "github",
          "url": "https://github.com/sponsors/ai"
        }
      ],
      "license": "MIT",
      "peer": true,
      "dependencies": {
        "nanoid": "^3.3.11",
        "picocolors": "^1.1.1",
        "source-map-js": "^1.2.1"
      },
      "engines": {
        "node": "^10 || ^12 || >=14"
      }
    },
    "node_modules/rolldown": {
      "version": "1.0.0-rc.12",
      "resolved": "https://registry.npmjs.org/rolldown/-/rolldown-1.0.0-rc.12.tgz",
      "integrity": "sha512-yP4USLIMYrwpPHEFB5JGH1uxhcslv6/hL0OyvTuY+3qlOSJvZ7ntYnoWpehBxufkgN0cvXxppuTu5hHa/zPh+A==",
      "dev": true,
      "license": "MIT",
      "peer": true,
      "dependencies": {
        "@oxc-project/types": "=0.122.0",
        "@rolldown/pluginutils": "1.0.0-rc.12"
      },
      "bin": {
        "rolldown": "bin/cli.mjs"
      },
      "engines": {
        "node": "^20.19.0 || >=22.12.0"
      },
      "optionalDependencies": {
        "@rolldown/binding-android-arm64": "1.0.0-rc.12",
        "@rolldown/binding-darwin-arm64": "1.0.0-rc.12",
        "@rolldown/binding-darwin-x64": "1.0.0-rc.12",
        "@rolldown/binding-freebsd-x64": "1.0.0-rc.12",
        "@rolldown/binding-linux-arm-gnueabihf": "1.0.0-rc.12",
        "@rolldown/binding-linux-arm64-gnu": "1.0.0-rc.12",
        "@rolldown/binding-linux-arm64-musl": "1.0.0-rc.12",
        "@rolldown/binding-linux-ppc64-gnu": "1.0.0-rc.12",
        "@rolldown/binding-linux-s390x-gnu": "1.0.0-rc.12",
        "@rolldown/binding-linux-x64-gnu": "1.0.0-rc.12",
        "@rolldown/binding-linux-x64-musl": "1.0.0-rc.12",
        "@rolldown/binding-openharmony-arm64": "1.0.0-rc.12",
        "@rolldown/binding-wasm32-wasi": "1.0.0-rc.12",
        "@rolldown/binding-win32-arm64-msvc": "1.0.0-rc.12",
        "@rolldown/binding-win32-x64-msvc": "1.0.0-rc.12"
      }
    },
    "node_modules/siginfo": {
      "version": "2.0.0",
      "resolved": "https://registry.npmjs.org/siginfo/-/siginfo-2.0.0.tgz",
      "integrity": "sha512-ybx0WO1/8bSBLEWXZvEd7gMW3Sn3JFlW3TvX1nREbDLRNQNaeNN8WK0meBwPdAaOI7TtRRRJn/Es1zhrrCHu7g==",
      "dev": true
    },
    "node_modules/source-map-js": {
      "version": "1.2.1",
      "resolved": "https://registry.npmjs.org/source-map-js/-/source-map-js-1.2.1.tgz",
      "integrity": "sha512-UXWMKhLOwVKb728IUtQPXxfYU+usdybtUrK/8uGE8CQMvrhOpwvzDBwj0QhSL7MQc7vIsISBG8VQ8+IDQxpfQA==",
      "dev": true,
      "license": "BSD-3-Clause",
      "peer": true,
      "engines": {
        "node": ">=0.10.0"
      }
    },
    "node_modules/stackback": {
      "version": "0.0.2",
      "resolved": "https://registry.npmjs.org/stackback/-/stackback-0.0.2.tgz",
      "integrity": "sha512-1XMJE5fQo1jGH6Y/7ebnwPOBEkIEnT4QF32d5R1+VXdXveM0IBMJt8zfaxX1P3QhVwrYe+576+jkANtSS2mBbw==",
      "dev": true
    },
    "node_modules/std-env": {
      "version": "4.2.0",
      "resolved": "https://registry.npmjs.org/std-env/-/std-env-4.2.0.tgz",
      "integrity": "sha512-oCUKSupKTHX53EyjDtuZQ64pjLJ6yYCtpmEw0goYxtjG9KpbRe8KAsl2tBUGU9DyMcJ0RwJ8GqJAFzMXcXW1Rw==",
      "dev": true,
      "license": "MIT"
    },
    "node_modules/tinybench": {
      "version": "6.1.4",
      "resolved": "https://registry.npmjs.org/tinybench/-/tinybench-6.1.4.tgz",
      "integrity": "sha512-9APumHG7r4yOk4X4WlkmE71aZcv1gvin1czO3OQ1U9iJcFA5Ja/ygyb0vPOVHTthFozUYs8CLoLUlM8grb2lTQ==",
      "dev": true,
      "license": "MIT",
      "engines": {
        "node": ">=20.0.0"
      }
    },
    "node_modules/tinyexec": {
      "version": "1.3.0",
      "resolved": "https://registry.npmjs.org/tinyexec/-/tinyexec-1.3.0.tgz",
      "integrity": "sha512-QKAl9m8gWWGHV8jZcPeym6j+XULi6tOf1mT83WYJ4Lk2ytW/uwAWkrP0uFsdoYMdueVJ0qs26wZ+23xeB4ibNQ==",
      "dev": true,
      "license": "MIT",
      "engines": {
        "node": ">=18"
      }
    },
    "node_modules/tinyglobby": {
      "version": "0.2.17",
      "resolved": "https://registry.npmjs.org/tinyglobby/-/tinyglobby-0.2.17.tgz",
      "integrity": "sha512-wXR/dYpcqKmfWpEdZjiKJOwCNFndD0DMnrW/cYjVGttEkBfVgcLFHoNrlj47mjOVic9yyNu65alsgF4NQyTa2g==",
      "dev": true,
      "license": "MIT",
      "dependencies": {
        "fdir": "^6.5.0",
        "picomatch": "^4.0.4"
      },
      "engines": {
        "node": ">=12.0.0"
      },
      "funding": {
        "url": "https://github.com/sponsors/SuperchupuDev"
      }
    },
    "node_modules/tslib": {
      "version": "2.8.1",
      "resolved": "https://registry.npmjs.org/tslib/-/tslib-2.8.1.tgz",
      "integrity": "sha512-oJFu94HQb+KVduSUQL7wnpmqnfmLsOA/nAh6b6EH0wCEoK0/mPeXU6c3wKDV83MkOuHPRHtSXKKU99IBazS/2w==",
      "dev": true,
      "license": "0BSD",
      "optional": true,
      "peer": true
    },
    "node_modules/vite": {
      "version": "8.0.5",
      "resolved": "https://registry.npmjs.org/vite/-/vite-8.0.5.tgz",
      "integrity": "sha512-nmu43Qvq9UopTRfMx2jOYW5l16pb3iDC1JH6yMuPkpVbzK0k+L7dfsEDH4jRgYFmsg0sTAqkojoZgzLMlwHsCQ==",
      "dev": true,
      "license": "MIT",
      "peer": true,
      "dependencies": {
        "lightningcss": "^1.32.0",
        "picomatch": "^4.0.4",
        "postcss": "^8.5.8",
        "rolldown": "1.0.0-rc.12",
        "tinyglobby": "^0.2.15"
      },
      "bin": {
        "vite": "bin/vite.js"
      },
      "engines": {
        "node": "^20.19.0 || >=22.12.0"
      },
      "funding": {
        "url": "https://github.com/vitejs/vite?sponsor=1"
      },
      "optionalDependencies": {
        "fsevents": "~2.3.3"
      },
      "peerDependencies": {
        "@types/node": "^20.19.0 || >=22.12.0",
        "@vitejs/devtools": "^0.1.0",
        "esbuild": "^0.27.0 || ^0.28.0",
        "jiti": ">=1.21.0",
        "less": "^4.0.0",
        "sass": "^1.70.0",
        "sass-embedded": "^1.70.0",
        "stylus": ">=0.54.8",
        "sugarss": "^5.0.0",
        "terser": "^5.16.0",
        "tsx": "^4.8.1",
        "yaml": "^2.4.2"
      },
      "peerDependenciesMeta": {
        "@types/node": {
          "optional": true
        },
        "@vitejs/devtools": {
          "optional": true
        },
        "esbuild": {
          "optional": true
        },
        "jiti": {
          "optional": true
        },
        "less": {
          "optional": true
        },
        "sass": {
          "optional": true
        },
        "sass-embedded": {
          "optional": true
        },
        "stylus": {
          "optional": true
        },
        "sugarss": {
          "optional": true
        },
        "terser": {
          "optional": true
        },
        "tsx": {
          "optional": true
        },
        "yaml": {
          "optional": true
        }
      }
    },
    "node_modules/vitest": {
      "version": "5.0.0",
      "resolved": "https://registry.npmjs.org/vitest/-/vitest-5.0.0.tgz",
      "integrity": "sha512-gpsMNoRhMjMktVxPtstOH4/PJuPyovVaMDr4oDilXaGH1EcqM2OE96SoHT2VIQ6fTGtTjqmHDrEu2X9RQiXf8Q==",
      "dev": true,
      "license": "MIT",
      "dependencies": {
        "@types/chai": "^5.2.2",
        "@vitest/mocker": "5.0.0",
        "chai": "^6.2.2",
        "es-module-lexer": "^2.3.2",
        "expect-type": "^1.4.0",
        "magic-string": "^1.2.3",
        "obug": "^2.1.4",
        "picomatch": "^4.0.7",
        "std-env": "^4.2.0",
        "tinybench": "6.1.4",
        "tinyexec": "1.3.0",
        "tinyglobby": "^0.2.17",
        "why-is-node-running": "^2.3.0"
      },
      "bin": {
        "vitest": "vitest.mjs"
      },
      "engines": {
        "node": "^22.12.0 || ^24.0.0 || >=26.0.0"
      },
      "funding": {
        "url": "https://opencollective.com/vitest"
      },
      "peerDependencies": {
        "@edge-runtime/vm": "*",
        "@opentelemetry/api": "^1.9.0",
        "@types/node": "^22.0.0 || >=24.0.0",
        "@vitest/browser-playwright": "5.0.0",
        "@vitest/browser-preview": "5.0.0",
        "@vitest/browser-webdriverio": "^5.0.0-beta.5 || >=5.0.0",
        "@vitest/coverage-istanbul": "5.0.0",
        "@vitest/coverage-v8": "5.0.0",
        "@vitest/ui": "5.0.0",
        "happy-dom": "*",
        "jsdom": "*",
        "vite": "^6.4.0 || ^7.0.0 || ^8.0.0"
      },
      "peerDependenciesMeta": {
        "@edge-runtime/vm": {
          "optional": true
        },
        "@opentelemetry/api": {
          "optional": true
        },
        "@types/node": {
          "optional": true
        },
        "@vitest/browser-playwright": {
          "optional": true
        },
        "@vitest/browser-preview": {
          "optional": true
        },
        "@vitest/browser-webdriverio": {
          "optional": true
        },
        "@vitest/coverage-istanbul": {
          "optional": true
        },
        "@vitest/coverage-v8": {
          "optional": true
        },
        "@vitest/ui": {
          "optional": true
        },
        "happy-dom": {
          "optional": true
        },
        "jsdom": {
          "optional": true
        },
        "vite": {
          "optional": false
        }
      }
    },
    "node_modules/vitest/node_modules/magic-string": {
      "version": "1.2.3",
      "resolved": "https://registry.npmjs.org/magic-string/-/magic-string-1.2.3.tgz",
      "integrity": "sha512-Bpb0W2TbLKOZ7vJnOUnVRGq3WL2p+ISV29M6hYPL1AFCpyKZpdr5ytiXoTSSxRVhg8YW7f65+6gbG8WG6PCa/g==",
      "dev": true,
      "license": "MIT",
      "dependencies": {
        "@jridgewell/sourcemap-codec": "^1.5.5"
      }
    },
    "node_modules/why-is-node-running": {
      "version": "2.3.0",
      "resolved": "https://registry.npmjs.org/why-is-node-running/-/why-is-node-running-2.3.0.tgz",
      "integrity": "sha512-hUrmaWBdVDcxvYqnyh09zunKzROWjbZTiNy8dBEjkS7ehEDQibXJ7XvlmtbwuTclUiIyN+CyXQD4Vmko8fNm8w==",
      "dev": true,
      "dependencies": {
        "siginfo": "^2.0.0",
        "stackback": "0.0.2"
      },
      "bin": {
        "why-is-node-running": "cli.js"
      },
      "engines": {
        "node": ">=8"
      }
    }
  }
}
